
Microsoft Visual Studio Solution File, Format Version 12.00
# Visual Studio Version 17
VisualStudioVersion = 17.12.35506.116
MinimumVisualStudioVersion = 10.0.40219.1
Project("{FAE04EC0-301F-11D3-BF4B-00C04F79EFBC}") = "EcoPackages.Application", "src\EcoPackages.Application\EcoPackages.Application.csproj", "{AA92E707-061E-4AAE-AA0A-A6820DE25E9C}"
EndProject
Project("{FAE04EC0-301F-11D3-BF4B-00C04F79EFBC}") = "EcoPackages.Api", "src\EcoPackages.Api\EcoPackages.Api.csproj", "{32CBA775-49D3-4425-BF16-35852FF865B5}"
EndProject
Project("{FAE04EC0-301F-11D3-BF4B-00C04F79EFBC}") = "EcoPackages.Domain", "src\EcoPackages.Domain\EcoPackages.Domain.csproj", "{31F58484-694F-45EA-A529-DD9005739738}"
EndProject
Project("{FAE04EC0-301F-11D3-BF4B-00C04F79EFBC}") = "EcoPackages.Infrastructure", "src\EcoPackages.Infrastructure\EcoPackages.Infrastructure.csproj", "{83763646-597B-4DD1-9647-6A7846C8A31C}"
EndProject
Project("{FAE04EC0-301F-11D3-BF4B-00C04F79EFBC}") = "EcoPackages.UnitTests", "tests\EcoPackages.UnitTests\EcoPackages.UnitTests.csproj", "{687D5346-99EC-425E-AB6C-214AC7AA575C}"
EndProject
Project("{FAE04EC0-301F-11D3-BF4B-00C04F79EFBC}") = "EcoPackages.IntegrationTests", "tests\EcoPackages.IntegrationTests\EcoPackages.IntegrationTests.csproj", "{BC3A8505-5E02-4152-9024-9AB1BD0F9135}"
EndProject
Global
	GlobalSection(SolutionConfigurationPlatforms) = preSolution
		Debug|Any CPU = Debug|Any CPU
		Release|Any CPU = Release|Any CPU
	EndGlobalSection
	GlobalSection(ProjectConfigurationPlatforms) = postSolution
		{AA92E707-061E-4AAE-AA0A-A6820DE25E9C}.Debug|Any CPU.ActiveCfg = Debug|Any CPU
		{AA92E707-061E-4AAE-AA0A-A6820DE25E9C}.Debug|Any CPU.Build.0 = Debug|Any CPU
		{AA92E707-061E-4AAE-AA0A-A6820DE25E9C}.Release|Any CPU.ActiveCfg = Release|Any CPU
		{AA92E707-061E-4AAE-AA0A-A6820DE25E9C}.Release|Any CPU.Build.0 = Release|Any CPU
		{32CBA775-49D3-4425-BF16-35852FF865B5}.Debug|Any CPU.ActiveCfg = Debug|Any CPU
		{32CBA775-49D3-4425-BF16-35852FF865B5}.Debug|Any CPU.Build.0 = Debug|Any CPU
		{32CBA775-49D3-4425-BF16-35852FF865B5}.Release|Any CPU.ActiveCfg = Release|Any CPU
		{32CBA775-49D3-4425-BF16-35852FF865B5}.Release|Any CPU.Build.0 = Release|Any CPU
		{31F58484-694F-45EA-A529-DD9005739738}.Debug|Any CPU.ActiveCfg = Debug|Any CPU
		{31F58484-694F-45EA-A529-DD9005739738}.Debug|Any CPU.Build.0 = Debug|Any CPU
		{31F58484-694F-45EA-A529-DD9005739738}.Release|Any CPU.ActiveCfg = Release|Any CPU
		{31F58484-694F-45EA-A529-DD9005739738}.Release|Any CPU.Build.0 = Release|Any CPU
		{83763646-597B-4DD1-9647-6A7846C8A31C}.Debug|Any CPU.ActiveCfg = Debug|Any CPU
		{83763646-597B-4DD1-9647-6A7846C8A31C}.Debug|Any CPU.Build.0 = Debug|Any CPU
		{83763646-597B-4DD1-9647-6A7846C8A31C}.Release|Any CPU.ActiveCfg = Release|Any CPU
		{83763646-597B-4DD1-9647-6A7846C8A31C}.Release|Any CPU.Build.0 = Release|Any CPU
		{687D5346-99EC-425E-AB6C-214AC7AA575C}.Debug|Any CPU.ActiveCfg = Debug|Any CPU
		{687D5346-99EC-425E-AB6C-214AC7AA575C}.Debug|Any CPU.Build.0 = Debug|Any CPU
		{687D5346-99EC-425E-AB6C-214AC7AA575C}.Release|Any CPU.ActiveCfg = Release|Any CPU
		{687D5346-99EC-425E-AB6C-214AC7AA575C}.Release|Any CPU.Build.0 = Release|Any CPU
		{BC3A8505-5E02-4152-9024-9AB1BD0F9135}.Debug|Any CPU.ActiveCfg = Debug|Any CPU
		{BC3A8505-5E02-4152-9024-9AB1BD0F9135}.Debug|Any CPU.Build.0 = Debug|Any CPU
		{BC3A8505-5E02-4152-9024-9AB1BD0F9135}.Release|Any CPU.ActiveCfg = Release|Any CPU
		{BC3A8505-5E02-4152-9024-9AB1BD0F9135}.Release|Any CPU.Build.0 = Release|Any CPU
	EndGlobalSection
	GlobalSection(SolutionProperties) = preSolution
		HideSolutionNode = FALSE
	EndGlobalSection
EndGlobal
